
Microsoft Visual Studio Solution File, Format Version 12.00
# Visual Studio Version 17
VisualStudioVersion = 17.0.31903.59
MinimumVisualStudioVersion = 10.0.40219.1
Project("{2150E333-8FDC-42A3-9474-1A3956D46DE8}") = "src", "src", "{2517EF27-D3F2-430D-86D5-106EE6E27D8D}"
EndProject
Project("{2150E333-8FDC-42A3-9474-1A3956D46DE8}") = "ApiGateways", "ApiGateways", "{AA26FA18-1EA3-4051-9680-94DFB10C842E}"
EndProject
Project("{2150E333-8FDC-42A3-9474-1A3956D46DE8}") = "src", "src", "{5989D38D-4D6B-4A9B-900A-53DADCA68165}"
EndProject
Project("{FAE04EC0-301F-11D3-BF4B-00C04F79EFBC}") = "WebApiGw", "src\ApiGateways\src\WebApiGw\WebApiGw.csproj", "{7B8D5B65-6907-4ACA-B66E-F298997D5E74}"
EndProject
Project("{2150E333-8FDC-42A3-9474-1A3956D46DE8}") = "BuildingBlocks", "BuildingBlocks", "{E95FB45A-19CD-4789-8596-4AF2BEF1E74D}"
EndProject
Project("{FAE04EC0-301F-11D3-BF4B-00C04F79EFBC}") = "BuildingBlocks", "src\BuildingBlocks\BuildingBlocks\BuildingBlocks.csproj", "{CA041293-0EC1-4D0F-979F-17AB9F478B72}"
EndProject
Project("{2150E333-8FDC-42A3-9474-1A3956D46DE8}") = "Services", "Services", "{5B1CFAC0-F5F8-411B-8257-10FD531EEBDC}"
EndProject
Project("{2150E333-8FDC-42A3-9474-1A3956D46DE8}") = "Auth", "Auth", "{709ED3C1-E2D1-4359-8450-D2C7ED3F8770}"
EndProject
Project("{2150E333-8FDC-42A3-9474-1A3956D46DE8}") = "src", "src", "{ADEE5BFC-364C-4EAC-98D4-30B14747319F}"
EndProject
Project("{FAE04EC0-301F-11D3-BF4B-00C04F79EFBC}") = "Auth", "src\Services\Auth\src\Auth\Auth.csproj", "{CC9274FA-AA15-409E-B68B-FF84770C6C84}"
EndProject
Project("{FAE04EC0-301F-11D3-BF4B-00C04F79EFBC}") = "Auth.API", "src\Services\Auth\src\Auth.API\Auth.API.csproj", "{2FEE798A-7A9F-48C1-9C5F-1FC29151A5E4}"
EndProject
Project("{2150E333-8FDC-42A3-9474-1A3956D46DE8}") = "Category", "Category", "{A3B11EEE-046D-4CA7-80DD-ADE97B3921C6}"
EndProject
Project("{2150E333-8FDC-42A3-9474-1A3956D46DE8}") = "src", "src", "{5AA9D44D-FAC3-4B9A-8FD5-B5F06C2A4A10}"
EndProject
Project("{FAE04EC0-301F-11D3-BF4B-00C04F79EFBC}") = "Category", "src\Services\Category\src\Category\Category.csproj", "{246C99A4-7BF7-47FD-9810-C10F0871CB1E}"
EndProject
Project("{FAE04EC0-301F-11D3-BF4B-00C04F79EFBC}") = "Category.API", "src\Services\Category\src\Category.API\Category.API.csproj", "{D2B38817-D8CB-448D-BEFB-32AA55125AD3}"
EndProject
Project("{2150E333-8FDC-42A3-9474-1A3956D46DE8}") = "Meals", "Meals", "{C32A355D-D01D-44DC-ADE4-E271A97792C6}"
EndProject
Project("{2150E333-8FDC-42A3-9474-1A3956D46DE8}") = "src", "src", "{9DBE80FF-990B-4208-A422-A78A204B9BE6}"
EndProject
Project("{FAE04EC0-301F-11D3-BF4B-00C04F79EFBC}") = "Meals", "src\Services\Meals\src\Meals\Meals.csproj", "{5293DF2A-B48A-4CD8-A577-5993CF020820}"
EndProject
Project("{FAE04EC0-301F-11D3-BF4B-00C04F79EFBC}") = "Meals.API", "src\Services\Meals\src\Meals.API\Meals.API.csproj", "{BFD02DD7-0F46-488B-BBC0-C51F2755C302}"
EndProject
Project("{2150E333-8FDC-42A3-9474-1A3956D46DE8}") = "Users", "Users", "{5A68FDB4-E8B8-4745-AEC6-A0DCE9AA143E}"
EndProject
Project("{2150E333-8FDC-42A3-9474-1A3956D46DE8}") = "src", "src", "{C1641D45-18BA-4F39-A443-A61BA144C5BE}"
EndProject
Project("{FAE04EC0-301F-11D3-BF4B-00C04F79EFBC}") = "Users.API", "src\Services\Users\src\Users.API\Users.API.csproj", "{D4148B05-78B7-4738-B30A-0B98A45CC004}"
EndProject
Project("{2150E333-8FDC-42A3-9474-1A3956D46DE8}") = "Posts", "Posts", "{FB563CC7-2B1D-494D-9085-90F3279A02F6}"
EndProject
Project("{2150E333-8FDC-42A3-9474-1A3956D46DE8}") = "src", "src", "{C048901A-5205-4A18-8012-FFD809FED4C8}"
EndProject
Project("{FAE04EC0-301F-11D3-BF4B-00C04F79EFBC}") = "Posts", "src\Services\Posts\src\Posts\Posts.csproj", "{2E23EAE4-9BCF-49CF-890F-1B560F549A9A}"
EndProject
Project("{FAE04EC0-301F-11D3-BF4B-00C04F79EFBC}") = "Posts.API", "src\Services\Posts\src\Posts.API\Posts.API.csproj", "{E39086F6-A7CA-426B-97E3-B4CFFC69A0F4}"
EndProject
Global
	GlobalSection(SolutionConfigurationPlatforms) = preSolution
		Debug|Any CPU = Debug|Any CPU
		Release|Any CPU = Release|Any CPU
	EndGlobalSection
	GlobalSection(ProjectConfigurationPlatforms) = postSolution
		{7B8D5B65-6907-4ACA-B66E-F298997D5E74}.Debug|Any CPU.ActiveCfg = Debug|Any CPU
		{7B8D5B65-6907-4ACA-B66E-F298997D5E74}.Debug|Any CPU.Build.0 = Debug|Any CPU
		{7B8D5B65-6907-4ACA-B66E-F298997D5E74}.Release|Any CPU.ActiveCfg = Release|Any CPU
		{7B8D5B65-6907-4ACA-B66E-F298997D5E74}.Release|Any CPU.Build.0 = Release|Any CPU
		{CA041293-0EC1-4D0F-979F-17AB9F478B72}.Debug|Any CPU.ActiveCfg = Debug|Any CPU
		{CA041293-0EC1-4D0F-979F-17AB9F478B72}.Debug|Any CPU.Build.0 = Debug|Any CPU
		{CA041293-0EC1-4D0F-979F-17AB9F478B72}.Release|Any CPU.ActiveCfg = Release|Any CPU
		{CA041293-0EC1-4D0F-979F-17AB9F478B72}.Release|Any CPU.Build.0 = Release|Any CPU
		{CC9274FA-AA15-409E-B68B-FF84770C6C84}.Debug|Any CPU.ActiveCfg = Debug|Any CPU
		{CC9274FA-AA15-409E-B68B-FF84770C6C84}.Debug|Any CPU.Build.0 = Debug|Any CPU
		{CC9274FA-AA15-409E-B68B-FF84770C6C84}.Release|Any CPU.ActiveCfg = Release|Any CPU
		{CC9274FA-AA15-409E-B68B-FF84770C6C84}.Release|Any CPU.Build.0 = Release|Any CPU
		{2FEE798A-7A9F-48C1-9C5F-1FC29151A5E4}.Debug|Any CPU.ActiveCfg = Debug|Any CPU
		{2FEE798A-7A9F-48C1-9C5F-1FC29151A5E4}.Debug|Any CPU.Build.0 = Debug|Any CPU
		{2FEE798A-7A9F-48C1-9C5F-1FC29151A5E4}.Release|Any CPU.ActiveCfg = Release|Any CPU
		{2FEE798A-7A9F-48C1-9C5F-1FC29151A5E4}.Release|Any CPU.Build.0 = Release|Any CPU
		{246C99A4-7BF7-47FD-9810-C10F0871CB1E}.Debug|Any CPU.ActiveCfg = Debug|Any CPU
		{246C99A4-7BF7-47FD-9810-C10F0871CB1E}.Debug|Any CPU.Build.0 = Debug|Any CPU
		{246C99A4-7BF7-47FD-9810-C10F0871CB1E}.Release|Any CPU.ActiveCfg = Release|Any CPU
		{246C99A4-7BF7-47FD-9810-C10F0871CB1E}.Release|Any CPU.Build.0 = Release|Any CPU
		{D2B38817-D8CB-448D-BEFB-32AA55125AD3}.Debug|Any CPU.ActiveCfg = Debug|Any CPU
		{D2B38817-D8CB-448D-BEFB-32AA55125AD3}.Debug|Any CPU.Build.0 = Debug|Any CPU
		{D2B38817-D8CB-448D-BEFB-32AA55125AD3}.Release|Any CPU.ActiveCfg = Release|Any CPU
		{D2B38817-D8CB-448D-BEFB-32AA55125AD3}.Release|Any CPU.Build.0 = Release|Any CPU
		{5293DF2A-B48A-4CD8-A577-5993CF020820}.Debug|Any CPU.ActiveCfg = Debug|Any CPU
		{5293DF2A-B48A-4CD8-A577-5993CF020820}.Debug|Any CPU.Build.0 = Debug|Any CPU
		{5293DF2A-B48A-4CD8-A577-5993CF020820}.Release|Any CPU.ActiveCfg = Release|Any CPU
		{5293DF2A-B48A-4CD8-A577-5993CF020820}.Release|Any CPU.Build.0 = Release|Any CPU
		{BFD02DD7-0F46-488B-BBC0-C51F2755C302}.Debug|Any CPU.ActiveCfg = Debug|Any CPU
		{BFD02DD7-0F46-488B-BBC0-C51F2755C302}.Debug|Any CPU.Build.0 = Debug|Any CPU
		{BFD02DD7-0F46-488B-BBC0-C51F2755C302}.Release|Any CPU.ActiveCfg = Release|Any CPU
		{BFD02DD7-0F46-488B-BBC0-C51F2755C302}.Release|Any CPU.Build.0 = Release|Any CPU
		{D4148B05-78B7-4738-B30A-0B98A45CC004}.Debug|Any CPU.ActiveCfg = Debug|Any CPU
		{D4148B05-78B7-4738-B30A-0B98A45CC004}.Debug|Any CPU.Build.0 = Debug|Any CPU
		{D4148B05-78B7-4738-B30A-0B98A45CC004}.Release|Any CPU.ActiveCfg = Release|Any CPU
		{D4148B05-78B7-4738-B30A-0B98A45CC004}.Release|Any CPU.Build.0 = Release|Any CPU
		{2E23EAE4-9BCF-49CF-890F-1B560F549A9A}.Debug|Any CPU.ActiveCfg = Debug|Any CPU
		{2E23EAE4-9BCF-49CF-890F-1B560F549A9A}.Debug|Any CPU.Build.0 = Debug|Any CPU
		{2E23EAE4-9BCF-49CF-890F-1B560F549A9A}.Release|Any CPU.ActiveCfg = Release|Any CPU
		{2E23EAE4-9BCF-49CF-890F-1B560F549A9A}.Release|Any CPU.Build.0 = Release|Any CPU
		{E39086F6-A7CA-426B-97E3-B4CFFC69A0F4}.Debug|Any CPU.ActiveCfg = Debug|Any CPU
		{E39086F6-A7CA-426B-97E3-B4CFFC69A0F4}.Debug|Any CPU.Build.0 = Debug|Any CPU
		{E39086F6-A7CA-426B-97E3-B4CFFC69A0F4}.Release|Any CPU.ActiveCfg = Release|Any CPU
		{E39086F6-A7CA-426B-97E3-B4CFFC69A0F4}.Release|Any CPU.Build.0 = Release|Any CPU
	EndGlobalSection
	GlobalSection(SolutionProperties) = preSolution
		HideSolutionNode = FALSE
	EndGlobalSection
	GlobalSection(NestedProjects) = preSolution
		{AA26FA18-1EA3-4051-9680-94DFB10C842E} = {2517EF27-D3F2-430D-86D5-106EE6E27D8D}
		{5989D38D-4D6B-4A9B-900A-53DADCA68165} = {AA26FA18-1EA3-4051-9680-94DFB10C842E}
		{7B8D5B65-6907-4ACA-B66E-F298997D5E74} = {5989D38D-4D6B-4A9B-900A-53DADCA68165}
		{E95FB45A-19CD-4789-8596-4AF2BEF1E74D} = {2517EF27-D3F2-430D-86D5-106EE6E27D8D}
		{CA041293-0EC1-4D0F-979F-17AB9F478B72} = {E95FB45A-19CD-4789-8596-4AF2BEF1E74D}
		{5B1CFAC0-F5F8-411B-8257-10FD531EEBDC} = {2517EF27-D3F2-430D-86D5-106EE6E27D8D}
		{709ED3C1-E2D1-4359-8450-D2C7ED3F8770} = {5B1CFAC0-F5F8-411B-8257-10FD531EEBDC}
		{ADEE5BFC-364C-4EAC-98D4-30B14747319F} = {709ED3C1-E2D1-4359-8450-D2C7ED3F8770}
		{CC9274FA-AA15-409E-B68B-FF84770C6C84} = {ADEE5BFC-364C-4EAC-98D4-30B14747319F}
		{2FEE798A-7A9F-48C1-9C5F-1FC29151A5E4} = {ADEE5BFC-364C-4EAC-98D4-30B14747319F}
		{A3B11EEE-046D-4CA7-80DD-ADE97B3921C6} = {5B1CFAC0-F5F8-411B-8257-10FD531EEBDC}
		{5AA9D44D-FAC3-4B9A-8FD5-B5F06C2A4A10} = {A3B11EEE-046D-4CA7-80DD-ADE97B3921C6}
		{246C99A4-7BF7-47FD-9810-C10F0871CB1E} = {5AA9D44D-FAC3-4B9A-8FD5-B5F06C2A4A10}
		{D2B38817-D8CB-448D-BEFB-32AA55125AD3} = {5AA9D44D-FAC3-4B9A-8FD5-B5F06C2A4A10}
		{C32A355D-D01D-44DC-ADE4-E271A97792C6} = {5B1CFAC0-F5F8-411B-8257-10FD531EEBDC}
		{9DBE80FF-990B-4208-A422-A78A204B9BE6} = {C32A355D-D01D-44DC-ADE4-E271A97792C6}
		{5293DF2A-B48A-4CD8-A577-5993CF020820} = {9DBE80FF-990B-4208-A422-A78A204B9BE6}
		{BFD02DD7-0F46-488B-BBC0-C51F2755C302} = {9DBE80FF-990B-4208-A422-A78A204B9BE6}
		{5A68FDB4-E8B8-4745-AEC6-A0DCE9AA143E} = {5B1CFAC0-F5F8-411B-8257-10FD531EEBDC}
		{C1641D45-18BA-4F39-A443-A61BA144C5BE} = {5A68FDB4-E8B8-4745-AEC6-A0DCE9AA143E}
		{D4148B05-78B7-4738-B30A-0B98A45CC004} = {C1641D45-18BA-4F39-A443-A61BA144C5BE}
		{FB563CC7-2B1D-494D-9085-90F3279A02F6} = {5B1CFAC0-F5F8-411B-8257-10FD531EEBDC}
		{C048901A-5205-4A18-8012-FFD809FED4C8} = {FB563CC7-2B1D-494D-9085-90F3279A02F6}
		{2E23EAE4-9BCF-49CF-890F-1B560F549A9A} = {C048901A-5205-4A18-8012-FFD809FED4C8}
		{E39086F6-A7CA-426B-97E3-B4CFFC69A0F4} = {C048901A-5205-4A18-8012-FFD809FED4C8}
	EndGlobalSection
EndGlobal
