
Microsoft Visual Studio Solution File, Format Version 12.00
# Visual Studio Version 17
VisualStudioVersion = 17.0.31903.59
MinimumVisualStudioVersion = 10.0.40219.1
Project("{2150E333-8FDC-42A3-9474-1A3956D46DE8}") = "src", "src", "{F5487C77-ADC4-431F-93B1-01A2B36BDA3D}"
EndProject
Project("{2150E333-8FDC-42A3-9474-1A3956D46DE8}") = "ApiGateways", "ApiGateways", "{AFB3F5E9-F1FB-4834-8806-5C254BDC2533}"
EndProject
Project("{2150E333-8FDC-42A3-9474-1A3956D46DE8}") = "src", "src", "{D677CD99-2A69-4DB5-A080-3B5DEEDEA66E}"
EndProject
Project("{FAE04EC0-301F-11D3-BF4B-00C04F79EFBC}") = "AdminApiGw", "src\ApiGateways\src\AdminApiGw\AdminApiGw.csproj", "{B2D8A021-5B5F-4847-B197-CCFD07E0670F}"
EndProject
Project("{FAE04EC0-301F-11D3-BF4B-00C04F79EFBC}") = "WebApiGw", "src\ApiGateways\src\WebApiGw\WebApiGw.csproj", "{740C9629-1661-4C89-AB73-3D22D1920403}"
EndProject
Project("{2150E333-8FDC-42A3-9474-1A3956D46DE8}") = "BuildingBlocks", "BuildingBlocks", "{77706F05-FAF1-472E-9893-D9034906F72C}"
EndProject
Project("{FAE04EC0-301F-11D3-BF4B-00C04F79EFBC}") = "BuildingBlocks", "src\BuildingBlocks\BuildingBlocks\BuildingBlocks.csproj", "{6A16D291-9A05-41FD-9604-97135ABDF8B0}"
EndProject
Project("{2150E333-8FDC-42A3-9474-1A3956D46DE8}") = "Services", "Services", "{F6173409-26EF-42DE-BAF4-C6ECAD334082}"
EndProject
Project("{2150E333-8FDC-42A3-9474-1A3956D46DE8}") = "Auth", "Auth", "{7AED09B8-F590-4E2A-A2F6-D412B3CD785D}"
EndProject
Project("{2150E333-8FDC-42A3-9474-1A3956D46DE8}") = "src", "src", "{2D35B162-BF91-4EA1-AB10-CE1B8B007F9D}"
EndProject
Project("{FAE04EC0-301F-11D3-BF4B-00C04F79EFBC}") = "Auth", "src\Services\Auth\src\Auth\Auth.csproj", "{6CD5FC75-4173-4E09-8EAD-3F615FFF5EB7}"
EndProject
Project("{FAE04EC0-301F-11D3-BF4B-00C04F79EFBC}") = "Auth.API", "src\Services\Auth\src\Auth.API\Auth.API.csproj", "{991DBB3B-40C6-416C-981A-9C72899AC0BD}"
EndProject
Project("{2150E333-8FDC-42A3-9474-1A3956D46DE8}") = "Comments", "Comments", "{F242366B-A4D9-4F4B-822E-67F6B37B9F0E}"
EndProject
Project("{2150E333-8FDC-42A3-9474-1A3956D46DE8}") = "src", "src", "{CAC7B931-9DEA-411C-A777-37A53265600D}"
EndProject
Project("{FAE04EC0-301F-11D3-BF4B-00C04F79EFBC}") = "Comments", "src\Services\Comments\src\Comments\Comments.csproj", "{DFEF31DC-D9CA-4537-B824-4EF1B5F8C134}"
EndProject
Project("{FAE04EC0-301F-11D3-BF4B-00C04F79EFBC}") = "Comments.API", "src\Services\Comments\src\Comments.API\Comments.API.csproj", "{85A2F738-1240-4A56-8994-E42D58DFBF53}"
EndProject
Project("{2150E333-8FDC-42A3-9474-1A3956D46DE8}") = "Follows", "Follows", "{1F37B2D9-A7EE-475B-95A4-8ADF7C26A1A2}"
EndProject
Project("{2150E333-8FDC-42A3-9474-1A3956D46DE8}") = "src", "src", "{895C4717-0B0D-444F-8694-C86CADC673BE}"
EndProject
Project("{FAE04EC0-301F-11D3-BF4B-00C04F79EFBC}") = "Follows", "src\Services\Follows\src\Follows\Follows.csproj", "{FE775AA0-810B-4897-841A-BDAC9909CCEE}"
EndProject
Project("{FAE04EC0-301F-11D3-BF4B-00C04F79EFBC}") = "Follows.API", "src\Services\Follows\src\Follows.API\Follows.API.csproj", "{6B95714C-1CC8-4502-BA80-44BE74DE558F}"
EndProject
Project("{2150E333-8FDC-42A3-9474-1A3956D46DE8}") = "Meals", "Meals", "{117593E2-4B65-414C-B282-4939BDD91620}"
EndProject
Project("{2150E333-8FDC-42A3-9474-1A3956D46DE8}") = "src", "src", "{1A0ED1E8-7A4C-47D1-809D-4A7C2C70AF7C}"
EndProject
Project("{FAE04EC0-301F-11D3-BF4B-00C04F79EFBC}") = "Meals", "src\Services\Meals\src\Meals\Meals.csproj", "{57A91BEE-D04B-4302-AB11-9149D8C93DA6}"
EndProject
Project("{FAE04EC0-301F-11D3-BF4B-00C04F79EFBC}") = "Meals.API", "src\Services\Meals\src\Meals.API\Meals.API.csproj", "{A45EB092-3CD6-48AE-A470-D38FEB125C5E}"
EndProject
Project("{2150E333-8FDC-42A3-9474-1A3956D46DE8}") = "Posts", "Posts", "{8889EA1A-A191-475B-AC21-2AC86B28507B}"
EndProject
Project("{2150E333-8FDC-42A3-9474-1A3956D46DE8}") = "src", "src", "{19E89ECD-9ED3-499C-8489-59F4ADEF2A17}"
EndProject
Project("{FAE04EC0-301F-11D3-BF4B-00C04F79EFBC}") = "Posts", "src\Services\Posts\src\Posts\Posts.csproj", "{3403A8C7-1D0D-4A92-8F7C-A5BA70BB492A}"
EndProject
Project("{FAE04EC0-301F-11D3-BF4B-00C04F79EFBC}") = "Posts.API", "src\Services\Posts\src\Posts.API\Posts.API.csproj", "{FD0F7E8A-FAE5-44E0-8551-CE5305FF8FC0}"
EndProject
Project("{2150E333-8FDC-42A3-9474-1A3956D46DE8}") = "Seeder", "Seeder", "{CA04B701-8D12-4723-BA57-DDAF6F73CA05}"
EndProject
Project("{2150E333-8FDC-42A3-9474-1A3956D46DE8}") = "src", "src", "{ADEAF650-F308-4318-BE3D-3B8DA43C39B2}"
EndProject
Project("{FAE04EC0-301F-11D3-BF4B-00C04F79EFBC}") = "Seeder", "src\Services\Seeder\src\Seeder\Seeder.csproj", "{E8656DC3-05A6-445E-9569-77404CE95A45}"
EndProject
Project("{2150E333-8FDC-42A3-9474-1A3956D46DE8}") = "Users", "Users", "{F85848D8-487E-4056-A10A-76BFF4BCC4F5}"
EndProject
Project("{2150E333-8FDC-42A3-9474-1A3956D46DE8}") = "src", "src", "{184F1BBA-81E6-4849-9DDD-4414D39A5A40}"
EndProject
Project("{FAE04EC0-301F-11D3-BF4B-00C04F79EFBC}") = "Users", "src\Services\Users\src\Users\Users.csproj", "{121A1495-886E-4DFB-934D-F650A0A805EE}"
EndProject
Project("{FAE04EC0-301F-11D3-BF4B-00C04F79EFBC}") = "Users.API", "src\Services\Users\src\Users.API\Users.API.csproj", "{EF81F808-7681-4950-8A4E-0BAE6B4DD280}"
EndProject
Global
	GlobalSection(SolutionConfigurationPlatforms) = preSolution
		Debug|Any CPU = Debug|Any CPU
		Release|Any CPU = Release|Any CPU
	EndGlobalSection
	GlobalSection(SolutionProperties) = preSolution
		HideSolutionNode = FALSE
	EndGlobalSection
	GlobalSection(ProjectConfigurationPlatforms) = postSolution
		{B2D8A021-5B5F-4847-B197-CCFD07E0670F}.Debug|Any CPU.ActiveCfg = Debug|Any CPU
		{B2D8A021-5B5F-4847-B197-CCFD07E0670F}.Debug|Any CPU.Build.0 = Debug|Any CPU
		{B2D8A021-5B5F-4847-B197-CCFD07E0670F}.Release|Any CPU.ActiveCfg = Release|Any CPU
		{B2D8A021-5B5F-4847-B197-CCFD07E0670F}.Release|Any CPU.Build.0 = Release|Any CPU
		{740C9629-1661-4C89-AB73-3D22D1920403}.Debug|Any CPU.ActiveCfg = Debug|Any CPU
		{740C9629-1661-4C89-AB73-3D22D1920403}.Debug|Any CPU.Build.0 = Debug|Any CPU
		{740C9629-1661-4C89-AB73-3D22D1920403}.Release|Any CPU.ActiveCfg = Release|Any CPU
		{740C9629-1661-4C89-AB73-3D22D1920403}.Release|Any CPU.Build.0 = Release|Any CPU
		{6A16D291-9A05-41FD-9604-97135ABDF8B0}.Debug|Any CPU.ActiveCfg = Debug|Any CPU
		{6A16D291-9A05-41FD-9604-97135ABDF8B0}.Debug|Any CPU.Build.0 = Debug|Any CPU
		{6A16D291-9A05-41FD-9604-97135ABDF8B0}.Release|Any CPU.ActiveCfg = Release|Any CPU
		{6A16D291-9A05-41FD-9604-97135ABDF8B0}.Release|Any CPU.Build.0 = Release|Any CPU
		{6CD5FC75-4173-4E09-8EAD-3F615FFF5EB7}.Debug|Any CPU.ActiveCfg = Debug|Any CPU
		{6CD5FC75-4173-4E09-8EAD-3F615FFF5EB7}.Debug|Any CPU.Build.0 = Debug|Any CPU
		{6CD5FC75-4173-4E09-8EAD-3F615FFF5EB7}.Release|Any CPU.ActiveCfg = Release|Any CPU
		{6CD5FC75-4173-4E09-8EAD-3F615FFF5EB7}.Release|Any CPU.Build.0 = Release|Any CPU
		{991DBB3B-40C6-416C-981A-9C72899AC0BD}.Debug|Any CPU.ActiveCfg = Debug|Any CPU
		{991DBB3B-40C6-416C-981A-9C72899AC0BD}.Debug|Any CPU.Build.0 = Debug|Any CPU
		{991DBB3B-40C6-416C-981A-9C72899AC0BD}.Release|Any CPU.ActiveCfg = Release|Any CPU
		{991DBB3B-40C6-416C-981A-9C72899AC0BD}.Release|Any CPU.Build.0 = Release|Any CPU
		{DFEF31DC-D9CA-4537-B824-4EF1B5F8C134}.Debug|Any CPU.ActiveCfg = Debug|Any CPU
		{DFEF31DC-D9CA-4537-B824-4EF1B5F8C134}.Debug|Any CPU.Build.0 = Debug|Any CPU
		{DFEF31DC-D9CA-4537-B824-4EF1B5F8C134}.Release|Any CPU.ActiveCfg = Release|Any CPU
		{DFEF31DC-D9CA-4537-B824-4EF1B5F8C134}.Release|Any CPU.Build.0 = Release|Any CPU
		{85A2F738-1240-4A56-8994-E42D58DFBF53}.Debug|Any CPU.ActiveCfg = Debug|Any CPU
		{85A2F738-1240-4A56-8994-E42D58DFBF53}.Debug|Any CPU.Build.0 = Debug|Any CPU
		{85A2F738-1240-4A56-8994-E42D58DFBF53}.Release|Any CPU.ActiveCfg = Release|Any CPU
		{85A2F738-1240-4A56-8994-E42D58DFBF53}.Release|Any CPU.Build.0 = Release|Any CPU
		{FE775AA0-810B-4897-841A-BDAC9909CCEE}.Debug|Any CPU.ActiveCfg = Debug|Any CPU
		{FE775AA0-810B-4897-841A-BDAC9909CCEE}.Debug|Any CPU.Build.0 = Debug|Any CPU
		{FE775AA0-810B-4897-841A-BDAC9909CCEE}.Release|Any CPU.ActiveCfg = Release|Any CPU
		{FE775AA0-810B-4897-841A-BDAC9909CCEE}.Release|Any CPU.Build.0 = Release|Any CPU
		{6B95714C-1CC8-4502-BA80-44BE74DE558F}.Debug|Any CPU.ActiveCfg = Debug|Any CPU
		{6B95714C-1CC8-4502-BA80-44BE74DE558F}.Debug|Any CPU.Build.0 = Debug|Any CPU
		{6B95714C-1CC8-4502-BA80-44BE74DE558F}.Release|Any CPU.ActiveCfg = Release|Any CPU
		{6B95714C-1CC8-4502-BA80-44BE74DE558F}.Release|Any CPU.Build.0 = Release|Any CPU
		{57A91BEE-D04B-4302-AB11-9149D8C93DA6}.Debug|Any CPU.ActiveCfg = Debug|Any CPU
		{57A91BEE-D04B-4302-AB11-9149D8C93DA6}.Debug|Any CPU.Build.0 = Debug|Any CPU
		{57A91BEE-D04B-4302-AB11-9149D8C93DA6}.Release|Any CPU.ActiveCfg = Release|Any CPU
		{57A91BEE-D04B-4302-AB11-9149D8C93DA6}.Release|Any CPU.Build.0 = Release|Any CPU
		{A45EB092-3CD6-48AE-A470-D38FEB125C5E}.Debug|Any CPU.ActiveCfg = Debug|Any CPU
		{A45EB092-3CD6-48AE-A470-D38FEB125C5E}.Debug|Any CPU.Build.0 = Debug|Any CPU
		{A45EB092-3CD6-48AE-A470-D38FEB125C5E}.Release|Any CPU.ActiveCfg = Release|Any CPU
		{A45EB092-3CD6-48AE-A470-D38FEB125C5E}.Release|Any CPU.Build.0 = Release|Any CPU
		{3403A8C7-1D0D-4A92-8F7C-A5BA70BB492A}.Debug|Any CPU.ActiveCfg = Debug|Any CPU
		{3403A8C7-1D0D-4A92-8F7C-A5BA70BB492A}.Debug|Any CPU.Build.0 = Debug|Any CPU
		{3403A8C7-1D0D-4A92-8F7C-A5BA70BB492A}.Release|Any CPU.ActiveCfg = Release|Any CPU
		{3403A8C7-1D0D-4A92-8F7C-A5BA70BB492A}.Release|Any CPU.Build.0 = Release|Any CPU
		{FD0F7E8A-FAE5-44E0-8551-CE5305FF8FC0}.Debug|Any CPU.ActiveCfg = Debug|Any CPU
		{FD0F7E8A-FAE5-44E0-8551-CE5305FF8FC0}.Debug|Any CPU.Build.0 = Debug|Any CPU
		{FD0F7E8A-FAE5-44E0-8551-CE5305FF8FC0}.Release|Any CPU.ActiveCfg = Release|Any CPU
		{FD0F7E8A-FAE5-44E0-8551-CE5305FF8FC0}.Release|Any CPU.Build.0 = Release|Any CPU
		{E8656DC3-05A6-445E-9569-77404CE95A45}.Debug|Any CPU.ActiveCfg = Debug|Any CPU
		{E8656DC3-05A6-445E-9569-77404CE95A45}.Debug|Any CPU.Build.0 = Debug|Any CPU
		{E8656DC3-05A6-445E-9569-77404CE95A45}.Release|Any CPU.ActiveCfg = Release|Any CPU
		{E8656DC3-05A6-445E-9569-77404CE95A45}.Release|Any CPU.Build.0 = Release|Any CPU
		{121A1495-886E-4DFB-934D-F650A0A805EE}.Debug|Any CPU.ActiveCfg = Debug|Any CPU
		{121A1495-886E-4DFB-934D-F650A0A805EE}.Debug|Any CPU.Build.0 = Debug|Any CPU
		{121A1495-886E-4DFB-934D-F650A0A805EE}.Release|Any CPU.ActiveCfg = Release|Any CPU
		{121A1495-886E-4DFB-934D-F650A0A805EE}.Release|Any CPU.Build.0 = Release|Any CPU
		{EF81F808-7681-4950-8A4E-0BAE6B4DD280}.Debug|Any CPU.ActiveCfg = Debug|Any CPU
		{EF81F808-7681-4950-8A4E-0BAE6B4DD280}.Debug|Any CPU.Build.0 = Debug|Any CPU
		{EF81F808-7681-4950-8A4E-0BAE6B4DD280}.Release|Any CPU.ActiveCfg = Release|Any CPU
		{EF81F808-7681-4950-8A4E-0BAE6B4DD280}.Release|Any CPU.Build.0 = Release|Any CPU
	EndGlobalSection
	GlobalSection(NestedProjects) = preSolution
		{AFB3F5E9-F1FB-4834-8806-5C254BDC2533} = {F5487C77-ADC4-431F-93B1-01A2B36BDA3D}
		{D677CD99-2A69-4DB5-A080-3B5DEEDEA66E} = {AFB3F5E9-F1FB-4834-8806-5C254BDC2533}
		{B2D8A021-5B5F-4847-B197-CCFD07E0670F} = {D677CD99-2A69-4DB5-A080-3B5DEEDEA66E}
		{740C9629-1661-4C89-AB73-3D22D1920403} = {D677CD99-2A69-4DB5-A080-3B5DEEDEA66E}
		{77706F05-FAF1-472E-9893-D9034906F72C} = {F5487C77-ADC4-431F-93B1-01A2B36BDA3D}
		{6A16D291-9A05-41FD-9604-97135ABDF8B0} = {77706F05-FAF1-472E-9893-D9034906F72C}
		{F6173409-26EF-42DE-BAF4-C6ECAD334082} = {F5487C77-ADC4-431F-93B1-01A2B36BDA3D}
		{7AED09B8-F590-4E2A-A2F6-D412B3CD785D} = {F6173409-26EF-42DE-BAF4-C6ECAD334082}
		{2D35B162-BF91-4EA1-AB10-CE1B8B007F9D} = {7AED09B8-F590-4E2A-A2F6-D412B3CD785D}
		{6CD5FC75-4173-4E09-8EAD-3F615FFF5EB7} = {2D35B162-BF91-4EA1-AB10-CE1B8B007F9D}
		{991DBB3B-40C6-416C-981A-9C72899AC0BD} = {2D35B162-BF91-4EA1-AB10-CE1B8B007F9D}
		{F242366B-A4D9-4F4B-822E-67F6B37B9F0E} = {F6173409-26EF-42DE-BAF4-C6ECAD334082}
		{CAC7B931-9DEA-411C-A777-37A53265600D} = {F242366B-A4D9-4F4B-822E-67F6B37B9F0E}
		{DFEF31DC-D9CA-4537-B824-4EF1B5F8C134} = {CAC7B931-9DEA-411C-A777-37A53265600D}
		{85A2F738-1240-4A56-8994-E42D58DFBF53} = {CAC7B931-9DEA-411C-A777-37A53265600D}
		{1F37B2D9-A7EE-475B-95A4-8ADF7C26A1A2} = {F6173409-26EF-42DE-BAF4-C6ECAD334082}
		{895C4717-0B0D-444F-8694-C86CADC673BE} = {1F37B2D9-A7EE-475B-95A4-8ADF7C26A1A2}
		{FE775AA0-810B-4897-841A-BDAC9909CCEE} = {895C4717-0B0D-444F-8694-C86CADC673BE}
		{6B95714C-1CC8-4502-BA80-44BE74DE558F} = {895C4717-0B0D-444F-8694-C86CADC673BE}
		{117593E2-4B65-414C-B282-4939BDD91620} = {F6173409-26EF-42DE-BAF4-C6ECAD334082}
		{1A0ED1E8-7A4C-47D1-809D-4A7C2C70AF7C} = {117593E2-4B65-414C-B282-4939BDD91620}
		{57A91BEE-D04B-4302-AB11-9149D8C93DA6} = {1A0ED1E8-7A4C-47D1-809D-4A7C2C70AF7C}
		{A45EB092-3CD6-48AE-A470-D38FEB125C5E} = {1A0ED1E8-7A4C-47D1-809D-4A7C2C70AF7C}
		{8889EA1A-A191-475B-AC21-2AC86B28507B} = {F6173409-26EF-42DE-BAF4-C6ECAD334082}
		{19E89ECD-9ED3-499C-8489-59F4ADEF2A17} = {8889EA1A-A191-475B-AC21-2AC86B28507B}
		{3403A8C7-1D0D-4A92-8F7C-A5BA70BB492A} = {19E89ECD-9ED3-499C-8489-59F4ADEF2A17}
		{FD0F7E8A-FAE5-44E0-8551-CE5305FF8FC0} = {19E89ECD-9ED3-499C-8489-59F4ADEF2A17}
		{CA04B701-8D12-4723-BA57-DDAF6F73CA05} = {F6173409-26EF-42DE-BAF4-C6ECAD334082}
		{ADEAF650-F308-4318-BE3D-3B8DA43C39B2} = {CA04B701-8D12-4723-BA57-DDAF6F73CA05}
		{E8656DC3-05A6-445E-9569-77404CE95A45} = {ADEAF650-F308-4318-BE3D-3B8DA43C39B2}
		{F85848D8-487E-4056-A10A-76BFF4BCC4F5} = {F6173409-26EF-42DE-BAF4-C6ECAD334082}
		{184F1BBA-81E6-4849-9DDD-4414D39A5A40} = {F85848D8-487E-4056-A10A-76BFF4BCC4F5}
		{121A1495-886E-4DFB-934D-F650A0A805EE} = {184F1BBA-81E6-4849-9DDD-4414D39A5A40}
		{EF81F808-7681-4950-8A4E-0BAE6B4DD280} = {184F1BBA-81E6-4849-9DDD-4414D39A5A40}
	EndGlobalSection
EndGlobal
