
Microsoft Visual Studio Solution File, Format Version 12.00
# Visual Studio Version 17
VisualStudioVersion = 17.0.31903.59
MinimumVisualStudioVersion = 10.0.40219.1
Project("{2150E333-8FDC-42A3-9474-1A3956D46DE8}") = "src", "src", "{7E04D368-6E76-437D-8783-D7073AE3C795}"
EndProject
Project("{2150E333-8FDC-42A3-9474-1A3956D46DE8}") = "Services", "Services", "{08A83B76-CA63-49B3-AD5A-0CAEE1A71316}"
EndProject
Project("{2150E333-8FDC-42A3-9474-1A3956D46DE8}") = "Auth", "Auth", "{C9F312B8-8E96-4698-B0BE-0C5F2E510604}"
EndProject
Project("{2150E333-8FDC-42A3-9474-1A3956D46DE8}") = "src", "src", "{1BA3C092-64DF-4CB2-AF47-A60C89948B6C}"
EndProject
Project("{9A19103F-16F7-4668-BE54-9A1E7A4F7556}") = "Auth.API", "src\Services\Auth\src\Auth.API\Auth.API.csproj", "{D9DD8E74-8575-4535-BD0B-C139076896CA}"
EndProject
Project("{2150E333-8FDC-42A3-9474-1A3956D46DE8}") = "Meals", "Meals", "{80FB020D-2E5F-45D4-B0F2-88A2F5E4D04A}"
EndProject
Project("{2150E333-8FDC-42A3-9474-1A3956D46DE8}") = "src", "src", "{87098FC1-D3F4-45FC-9BD3-AD52C0EE2308}"
EndProject
Project("{9A19103F-16F7-4668-BE54-9A1E7A4F7556}") = "Meals.API", "src\Services\Meals\src\Meals.API\Meals.API.csproj", "{F9E27599-B2AE-496A-B204-3F8271CE67AD}"
EndProject
Project("{2150E333-8FDC-42A3-9474-1A3956D46DE8}") = "Category", "Category", "{D76888F4-889C-4D32-84C9-E2C2E69CB1C7}"
EndProject
Project("{2150E333-8FDC-42A3-9474-1A3956D46DE8}") = "src", "src", "{0937CB3D-180F-4675-B55A-96B3A8680705}"
EndProject
Project("{9A19103F-16F7-4668-BE54-9A1E7A4F7556}") = "Category.API", "src\Services\Category\src\Category.API\Category.API.csproj", "{C4F0E061-F5D7-4C0C-8A52-FCED1B56BB59}"
EndProject
Project("{2150E333-8FDC-42A3-9474-1A3956D46DE8}") = "ApiGateways", "ApiGateways", "{1F67EEA3-DCAE-46FD-A3A5-C7FC3D3A61F1}"
EndProject
Project("{2150E333-8FDC-42A3-9474-1A3956D46DE8}") = "src", "src", "{4220B1EB-8AB5-43A5-B1A3-957BB9B85B71}"
EndProject
Project("{9A19103F-16F7-4668-BE54-9A1E7A4F7556}") = "BuildingBlocks", "src\BuildingBlocks\BuildingBlocks.csproj", "{7CF987A7-874B-4E5C-91A0-0279DAA90CF0}"
EndProject
Project("{E53339B2-1760-4266-BCC7-CA923CBCF16C}") = "docker-compose", "docker-compose.dcproj", "{F195E5AF-B135-4794-9041-86F65DB26A98}"
EndProject
Project("{9A19103F-16F7-4668-BE54-9A1E7A4F7556}") = "WebApiGw", "src\ApiGateways\src\WebApiGw\WebApiGw.csproj", "{60B79621-C297-4F9E-B5C9-8503DD031D4C}"
EndProject
Project("{2150E333-8FDC-42A3-9474-1A3956D46DE8}") = "Solution Items", "Solution Items", "{2AD62BC2-7D0F-4AB9-A781-EA09FFE02CA9}"
	ProjectSection(SolutionItems) = preProject
		.env.Development = .env.Development
	EndProjectSection
EndProject
Project("{2150E333-8FDC-42A3-9474-1A3956D46DE8}") = "Users", "Users", "{4AF9A180-333E-46C2-B4A8-589F9B7C7D73}"
EndProject
Project("{2150E333-8FDC-42A3-9474-1A3956D46DE8}") = "src", "src", "{1FE07A76-5B73-4ACF-96A6-0F05C658CEF7}"
EndProject
Project("{FAE04EC0-301F-11D3-BF4B-00C04F79EFBC}") = "Users.API", "src\Services\Users\src\Users.API\Users.API.csproj", "{D226FCB6-01D0-4707-B8BA-D0871AC9ACDE}"
EndProject
Project("{2150E333-8FDC-42A3-9474-1A3956D46DE8}") = "Ingredients", "Ingredients", "{861C1B45-F4E5-453E-9F2F-7820215BF60D}"
EndProject
Project("{2150E333-8FDC-42A3-9474-1A3956D46DE8}") = "src", "src", "{6B861F08-BE29-4A19-8BF4-66C255FBA7EC}"
EndProject
Project("{FAE04EC0-301F-11D3-BF4B-00C04F79EFBC}") = "Ingredients.API", "src\Services\Ingredients\src\Ingredients.API\Ingredients.API.csproj", "{DF62771A-C208-4C1D-82D5-51F607303D32}"
EndProject
Project("{2150E333-8FDC-42A3-9474-1A3956D46DE8}") = "MealIngredients", "MealIngredients", "{32535F4C-A8D0-40C7-A09A-1AE8DCE66FA4}"
EndProject
Project("{2150E333-8FDC-42A3-9474-1A3956D46DE8}") = "src", "src", "{8D6321C6-A277-434D-89D8-95C932AC3644}"
EndProject
Project("{FAE04EC0-301F-11D3-BF4B-00C04F79EFBC}") = "MealIngredients.API", "src\Services\MealIngredients\src\MealIngredients.API\MealIngredients.API.csproj", "{65D39CCB-F64E-452F-9E34-41D104EF938D}"
EndProject
Global
	GlobalSection(SolutionConfigurationPlatforms) = preSolution
		Debug|Any CPU = Debug|Any CPU
		Release|Any CPU = Release|Any CPU
	EndGlobalSection
	GlobalSection(ProjectConfigurationPlatforms) = postSolution
		{D9DD8E74-8575-4535-BD0B-C139076896CA}.Debug|Any CPU.ActiveCfg = Debug|Any CPU
		{D9DD8E74-8575-4535-BD0B-C139076896CA}.Debug|Any CPU.Build.0 = Debug|Any CPU
		{D9DD8E74-8575-4535-BD0B-C139076896CA}.Release|Any CPU.ActiveCfg = Release|Any CPU
		{D9DD8E74-8575-4535-BD0B-C139076896CA}.Release|Any CPU.Build.0 = Release|Any CPU
		{F9E27599-B2AE-496A-B204-3F8271CE67AD}.Debug|Any CPU.ActiveCfg = Debug|Any CPU
		{F9E27599-B2AE-496A-B204-3F8271CE67AD}.Debug|Any CPU.Build.0 = Debug|Any CPU
		{F9E27599-B2AE-496A-B204-3F8271CE67AD}.Release|Any CPU.ActiveCfg = Release|Any CPU
		{F9E27599-B2AE-496A-B204-3F8271CE67AD}.Release|Any CPU.Build.0 = Release|Any CPU
		{C4F0E061-F5D7-4C0C-8A52-FCED1B56BB59}.Debug|Any CPU.ActiveCfg = Debug|Any CPU
		{C4F0E061-F5D7-4C0C-8A52-FCED1B56BB59}.Debug|Any CPU.Build.0 = Debug|Any CPU
		{C4F0E061-F5D7-4C0C-8A52-FCED1B56BB59}.Release|Any CPU.ActiveCfg = Release|Any CPU
		{C4F0E061-F5D7-4C0C-8A52-FCED1B56BB59}.Release|Any CPU.Build.0 = Release|Any CPU
		{7CF987A7-874B-4E5C-91A0-0279DAA90CF0}.Debug|Any CPU.ActiveCfg = Debug|Any CPU
		{7CF987A7-874B-4E5C-91A0-0279DAA90CF0}.Debug|Any CPU.Build.0 = Debug|Any CPU
		{7CF987A7-874B-4E5C-91A0-0279DAA90CF0}.Release|Any CPU.ActiveCfg = Release|Any CPU
		{7CF987A7-874B-4E5C-91A0-0279DAA90CF0}.Release|Any CPU.Build.0 = Release|Any CPU
		{F195E5AF-B135-4794-9041-86F65DB26A98}.Debug|Any CPU.ActiveCfg = Debug|Any CPU
		{F195E5AF-B135-4794-9041-86F65DB26A98}.Debug|Any CPU.Build.0 = Debug|Any CPU
		{F195E5AF-B135-4794-9041-86F65DB26A98}.Release|Any CPU.ActiveCfg = Release|Any CPU
		{F195E5AF-B135-4794-9041-86F65DB26A98}.Release|Any CPU.Build.0 = Release|Any CPU
		{60B79621-C297-4F9E-B5C9-8503DD031D4C}.Debug|Any CPU.ActiveCfg = Debug|Any CPU
		{60B79621-C297-4F9E-B5C9-8503DD031D4C}.Debug|Any CPU.Build.0 = Debug|Any CPU
		{60B79621-C297-4F9E-B5C9-8503DD031D4C}.Release|Any CPU.ActiveCfg = Release|Any CPU
		{60B79621-C297-4F9E-B5C9-8503DD031D4C}.Release|Any CPU.Build.0 = Release|Any CPU
		{D226FCB6-01D0-4707-B8BA-D0871AC9ACDE}.Debug|Any CPU.ActiveCfg = Debug|Any CPU
		{D226FCB6-01D0-4707-B8BA-D0871AC9ACDE}.Debug|Any CPU.Build.0 = Debug|Any CPU
		{D226FCB6-01D0-4707-B8BA-D0871AC9ACDE}.Release|Any CPU.ActiveCfg = Release|Any CPU
		{D226FCB6-01D0-4707-B8BA-D0871AC9ACDE}.Release|Any CPU.Build.0 = Release|Any CPU
		{DF62771A-C208-4C1D-82D5-51F607303D32}.Debug|Any CPU.ActiveCfg = Debug|Any CPU
		{DF62771A-C208-4C1D-82D5-51F607303D32}.Debug|Any CPU.Build.0 = Debug|Any CPU
		{DF62771A-C208-4C1D-82D5-51F607303D32}.Release|Any CPU.ActiveCfg = Release|Any CPU
		{DF62771A-C208-4C1D-82D5-51F607303D32}.Release|Any CPU.Build.0 = Release|Any CPU
		{65D39CCB-F64E-452F-9E34-41D104EF938D}.Debug|Any CPU.ActiveCfg = Debug|Any CPU
		{65D39CCB-F64E-452F-9E34-41D104EF938D}.Debug|Any CPU.Build.0 = Debug|Any CPU
		{65D39CCB-F64E-452F-9E34-41D104EF938D}.Release|Any CPU.ActiveCfg = Release|Any CPU
		{65D39CCB-F64E-452F-9E34-41D104EF938D}.Release|Any CPU.Build.0 = Release|Any CPU
	EndGlobalSection
	GlobalSection(SolutionProperties) = preSolution
		HideSolutionNode = FALSE
	EndGlobalSection
	GlobalSection(NestedProjects) = preSolution
		{08A83B76-CA63-49B3-AD5A-0CAEE1A71316} = {7E04D368-6E76-437D-8783-D7073AE3C795}
		{C9F312B8-8E96-4698-B0BE-0C5F2E510604} = {08A83B76-CA63-49B3-AD5A-0CAEE1A71316}
		{1BA3C092-64DF-4CB2-AF47-A60C89948B6C} = {C9F312B8-8E96-4698-B0BE-0C5F2E510604}
		{D9DD8E74-8575-4535-BD0B-C139076896CA} = {1BA3C092-64DF-4CB2-AF47-A60C89948B6C}
		{80FB020D-2E5F-45D4-B0F2-88A2F5E4D04A} = {08A83B76-CA63-49B3-AD5A-0CAEE1A71316}
		{87098FC1-D3F4-45FC-9BD3-AD52C0EE2308} = {80FB020D-2E5F-45D4-B0F2-88A2F5E4D04A}
		{F9E27599-B2AE-496A-B204-3F8271CE67AD} = {87098FC1-D3F4-45FC-9BD3-AD52C0EE2308}
		{D76888F4-889C-4D32-84C9-E2C2E69CB1C7} = {08A83B76-CA63-49B3-AD5A-0CAEE1A71316}
		{0937CB3D-180F-4675-B55A-96B3A8680705} = {D76888F4-889C-4D32-84C9-E2C2E69CB1C7}
		{C4F0E061-F5D7-4C0C-8A52-FCED1B56BB59} = {0937CB3D-180F-4675-B55A-96B3A8680705}
		{1F67EEA3-DCAE-46FD-A3A5-C7FC3D3A61F1} = {7E04D368-6E76-437D-8783-D7073AE3C795}
		{4220B1EB-8AB5-43A5-B1A3-957BB9B85B71} = {1F67EEA3-DCAE-46FD-A3A5-C7FC3D3A61F1}
		{7CF987A7-874B-4E5C-91A0-0279DAA90CF0} = {7E04D368-6E76-437D-8783-D7073AE3C795}
		{60B79621-C297-4F9E-B5C9-8503DD031D4C} = {4220B1EB-8AB5-43A5-B1A3-957BB9B85B71}
		{4AF9A180-333E-46C2-B4A8-589F9B7C7D73} = {08A83B76-CA63-49B3-AD5A-0CAEE1A71316}
		{1FE07A76-5B73-4ACF-96A6-0F05C658CEF7} = {4AF9A180-333E-46C2-B4A8-589F9B7C7D73}
		{D226FCB6-01D0-4707-B8BA-D0871AC9ACDE} = {1FE07A76-5B73-4ACF-96A6-0F05C658CEF7}
		{861C1B45-F4E5-453E-9F2F-7820215BF60D} = {08A83B76-CA63-49B3-AD5A-0CAEE1A71316}
		{6B861F08-BE29-4A19-8BF4-66C255FBA7EC} = {861C1B45-F4E5-453E-9F2F-7820215BF60D}
		{DF62771A-C208-4C1D-82D5-51F607303D32} = {6B861F08-BE29-4A19-8BF4-66C255FBA7EC}
		{32535F4C-A8D0-40C7-A09A-1AE8DCE66FA4} = {08A83B76-CA63-49B3-AD5A-0CAEE1A71316}
		{8D6321C6-A277-434D-89D8-95C932AC3644} = {32535F4C-A8D0-40C7-A09A-1AE8DCE66FA4}
		{65D39CCB-F64E-452F-9E34-41D104EF938D} = {8D6321C6-A277-434D-89D8-95C932AC3644}
	EndGlobalSection
	GlobalSection(ExtensibilityGlobals) = postSolution
		SolutionGuid = {2DD41751-F77B-4971-BDA4-471F83DEE9BE}
	EndGlobalSection
EndGlobal
